// !$*UTF8*$!
{
	archiveVersion = 1;
	classes = {
	};
	objectVersion = 50;
	objects = {

/* Begin PBXBuildFile section */
		5793B8A925D2E4BE002A8563 /* ProcessesXPCService.xpc in Embed XPC Services */ = {isa = PBXBuildFile; fileRef = 5793B89E25D2E4BD002A8563 /* ProcessesXPCService.xpc */; settings = {ATTRIBUTES = (RemoveHeadersOnCopy, ); }; };
		5793B8B025D2FCA9002A8563 /* ProcessesXPCServiceProtocol.swift in Sources */ = {isa = PBXBuildFile; fileRef = 5793B8AF25D2FCA9002A8563 /* ProcessesXPCServiceProtocol.swift */; };
		5793B8B125D2FCA9002A8563 /* ProcessesXPCServiceProtocol.swift in Sources */ = {isa = PBXBuildFile; fileRef = 5793B8AF25D2FCA9002A8563 /* ProcessesXPCServiceProtocol.swift */; };
		5793B8B825D2FD11002A8563 /* ProcessesXPCService.swift in Sources */ = {isa = PBXBuildFile; fileRef = 5793B8B625D2FD11002A8563 /* ProcessesXPCService.swift */; };
		5793B8BE25D2FD86002A8563 /* main.swift in Sources */ = {isa = PBXBuildFile; fileRef = 5793B8BD25D2FD86002A8563 /* main.swift */; };
		5793B8C425D2FDD6002A8563 /* ListenerDelegate.swift in Sources */ = {isa = PBXBuildFile; fileRef = 5793B8C325D2FDD6002A8563 /* ListenerDelegate.swift */; };
		5793B8FC25D44B2B002A8563 /* AppDelegate.swift in Sources */ = {isa = PBXBuildFile; fileRef = 5793B8FB25D44B2B002A8563 /* AppDelegate.swift */; };
		5793B8FE25D44B2B002A8563 /* ViewController.swift in Sources */ = {isa = PBXBuildFile; fileRef = 5793B8FD25D44B2B002A8563 /* ViewController.swift */; };
		5793B90025D44B2F002A8563 /* Assets.xcassets in Resources */ = {isa = PBXBuildFile; fileRef = 5793B8FF25D44B2F002A8563 /* Assets.xcassets */; };
		5793B90325D44B2F002A8563 /* Main.storyboard in Resources */ = {isa = PBXBuildFile; fileRef = 5793B90125D44B2F002A8563 /* Main.storyboard */; };
		5793B91225D44C92002A8563 /* RemoteConnectionServiceProtocol.swift in Sources */ = {isa = PBXBuildFile; fileRef = 5793B91125D44C92002A8563 /* RemoteConnectionServiceProtocol.swift */; };
		5793B91725D44CAC002A8563 /* RemoteConnectionService.swift in Sources */ = {isa = PBXBuildFile; fileRef = 5793B91625D44CAC002A8563 /* RemoteConnectionService.swift */; };
		5793B92C25D4D2E1002A8563 /* ProcessesXPCServiceProtocol.swift in Sources */ = {isa = PBXBuildFile; fileRef = 5793B8AF25D2FCA9002A8563 /* ProcessesXPCServiceProtocol.swift */; };
		5793B93425D4D556002A8563 /* ProcessesXPCService.xpc in Embed XPC Services */ = {isa = PBXBuildFile; fileRef = 5793B89E25D2E4BD002A8563 /* ProcessesXPCService.xpc */; settings = {ATTRIBUTES = (RemoveHeadersOnCopy, ); }; };
		5793B93F25D4D5BE002A8563 /* CommandService.swift in Sources */ = {isa = PBXBuildFile; fileRef = 5793B93D25D4D5BE002A8563 /* CommandService.swift */; };
		5793B94025D4D5BE002A8563 /* CommandServiceProtocol.swift in Sources */ = {isa = PBXBuildFile; fileRef = 5793B93E25D4D5BE002A8563 /* CommandServiceProtocol.swift */; };
		5793B96B25D4E1A3002A8563 /* ProcessesService.swift in Sources */ = {isa = PBXBuildFile; fileRef = 5793B96925D4E1A3002A8563 /* ProcessesService.swift */; };
		5793B96C25D4E1A3002A8563 /* ProcessesServiceProtocol.swift in Sources */ = {isa = PBXBuildFile; fileRef = 5793B96A25D4E1A3002A8563 /* ProcessesServiceProtocol.swift */; };
		5793B97125D4E1E6002A8563 /* ProcessInfo.swift in Sources */ = {isa = PBXBuildFile; fileRef = 5793B97025D4E1E6002A8563 /* ProcessInfo.swift */; };
		5793B97525D4E1F8002A8563 /* ProcessInfo.swift in Sources */ = {isa = PBXBuildFile; fileRef = 5793B97025D4E1E6002A8563 /* ProcessInfo.swift */; };
		5793B97A25D4FDC5002A8563 /* ProcessesList.swift in Sources */ = {isa = PBXBuildFile; fileRef = 5793B97925D4FDC5002A8563 /* ProcessesList.swift */; };
		5793B97E25D4FE89002A8563 /* ProcessesList.swift in Sources */ = {isa = PBXBuildFile; fileRef = 5793B97925D4FDC5002A8563 /* ProcessesList.swift */; };
		5793B98225D4FE8A002A8563 /* ProcessesList.swift in Sources */ = {isa = PBXBuildFile; fileRef = 5793B97925D4FDC5002A8563 /* ProcessesList.swift */; };
		5793B98625D4FE8F002A8563 /* ProcessInfo.swift in Sources */ = {isa = PBXBuildFile; fileRef = 5793B97025D4E1E6002A8563 /* ProcessInfo.swift */; };
		57B086C225CEFEC700E52117 /* MainViewController.swift in Sources */ = {isa = PBXBuildFile; fileRef = 57B086BD25CEFEC700E52117 /* MainViewController.swift */; };
		57B086C325CEFEC700E52117 /* Main.storyboard in Resources */ = {isa = PBXBuildFile; fileRef = 57B086BE25CEFEC700E52117 /* Main.storyboard */; };
		57B086C425CEFEC700E52117 /* AppDelegate.swift in Sources */ = {isa = PBXBuildFile; fileRef = 57B086BF25CEFEC700E52117 /* AppDelegate.swift */; };
		57B086C525CEFEC700E52117 /* Assets.xcassets in Resources */ = {isa = PBXBuildFile; fileRef = 57B086C125CEFEC700E52117 /* Assets.xcassets */; };
		57B086CE25CEFFB200E52117 /* RemoteProcessesServiceProtocol.swift in Sources */ = {isa = PBXBuildFile; fileRef = 57B086CD25CEFFB200E52117 /* RemoteProcessesServiceProtocol.swift */; };
		57B086D225CEFFCB00E52117 /* RemoteProcessesService.swift in Sources */ = {isa = PBXBuildFile; fileRef = 57B086D125CEFFCB00E52117 /* RemoteProcessesService.swift */; };
		57B086DE25CF9C8D00E52117 /* MainViewModel.swift in Sources */ = {isa = PBXBuildFile; fileRef = 57B086DD25CF9C8D00E52117 /* MainViewModel.swift */; };
/* End PBXBuildFile section */

/* Begin PBXContainerItemProxy section */
		5793B8A725D2E4BE002A8563 /* PBXContainerItemProxy */ = {
			isa = PBXContainerItemProxy;
			containerPortal = 57B0869C25CEFDE400E52117 /* Project object */;
			proxyType = 1;
			remoteGlobalIDString = 5793B89D25D2E4BD002A8563;
			remoteInfo = ProcessesXPCService;
		};
		5793B93525D4D556002A8563 /* PBXContainerItemProxy */ = {
			isa = PBXContainerItemProxy;
			containerPortal = 57B0869C25CEFDE400E52117 /* Project object */;
			proxyType = 1;
			remoteGlobalIDString = 5793B89D25D2E4BD002A8563;
			remoteInfo = ProcessesXPCService;
		};
/* End PBXContainerItemProxy section */

/* Begin PBXCopyFilesBuildPhase section */
		5793B93725D4D556002A8563 /* Embed XPC Services */ = {
			isa = PBXCopyFilesBuildPhase;
			buildActionMask = 2147483647;
			dstPath = "$(CONTENTS_FOLDER_PATH)/XPCServices";
			dstSubfolderSpec = 16;
			files = (
				5793B93425D4D556002A8563 /* ProcessesXPCService.xpc in Embed XPC Services */,
			);
			name = "Embed XPC Services";
			runOnlyForDeploymentPostprocessing = 0;
		};
		57B0883E25D19DAC00E52117 /* Embed XPC Services */ = {
			isa = PBXCopyFilesBuildPhase;
			buildActionMask = 2147483647;
			dstPath = "$(CONTENTS_FOLDER_PATH)/XPCServices";
			dstSubfolderSpec = 16;
			files = (
				5793B8A925D2E4BE002A8563 /* ProcessesXPCService.xpc in Embed XPC Services */,
			);
			name = "Embed XPC Services";
			runOnlyForDeploymentPostprocessing = 0;
		};
/* End PBXCopyFilesBuildPhase section */

/* Begin PBXFileReference section */
		5793B89E25D2E4BD002A8563 /* ProcessesXPCService.xpc */ = {isa = PBXFileReference; explicitFileType = "wrapper.xpc-service"; includeInIndex = 0; path = ProcessesXPCService.xpc; sourceTree = BUILT_PRODUCTS_DIR; };
		5793B8A625D2E4BE002A8563 /* Info.plist */ = {isa = PBXFileReference; lastKnownFileType = text.plist.xml; path = Info.plist; sourceTree = "<group>"; };
		5793B8AF25D2FCA9002A8563 /* ProcessesXPCServiceProtocol.swift */ = {isa = PBXFileReference; lastKnownFileType = sourcecode.swift; path = ProcessesXPCServiceProtocol.swift; sourceTree = "<group>"; };
		5793B8B625D2FD11002A8563 /* ProcessesXPCService.swift */ = {isa = PBXFileReference; lastKnownFileType = sourcecode.swift; path = ProcessesXPCService.swift; sourceTree = "<group>"; };
		5793B8BD25D2FD86002A8563 /* main.swift */ = {isa = PBXFileReference; lastKnownFileType = sourcecode.swift; path = main.swift; sourceTree = "<group>"; };
		5793B8C325D2FDD6002A8563 /* ListenerDelegate.swift */ = {isa = PBXFileReference; lastKnownFileType = sourcecode.swift; path = ListenerDelegate.swift; sourceTree = "<group>"; };
		5793B8F925D44B2B002A8563 /* Configurator.app */ = {isa = PBXFileReference; explicitFileType = wrapper.application; includeInIndex = 0; path = Configurator.app; sourceTree = BUILT_PRODUCTS_DIR; };
		5793B8FB25D44B2B002A8563 /* AppDelegate.swift */ = {isa = PBXFileReference; lastKnownFileType = sourcecode.swift; path = AppDelegate.swift; sourceTree = "<group>"; };
		5793B8FD25D44B2B002A8563 /* ViewController.swift */ = {isa = PBXFileReference; lastKnownFileType = sourcecode.swift; path = ViewController.swift; sourceTree = "<group>"; };
		5793B8FF25D44B2F002A8563 /* Assets.xcassets */ = {isa = PBXFileReference; lastKnownFileType = folder.assetcatalog; path = Assets.xcassets; sourceTree = "<group>"; };
		5793B90225D44B2F002A8563 /* Base */ = {isa = PBXFileReference; lastKnownFileType = file.storyboard; name = Base; path = Base.lproj/Main.storyboard; sourceTree = "<group>"; };
		5793B90425D44B2F002A8563 /* Info.plist */ = {isa = PBXFileReference; lastKnownFileType = text.plist.xml; path = Info.plist; sourceTree = "<group>"; };
		5793B90525D44B2F002A8563 /* Configurator.entitlements */ = {isa = PBXFileReference; lastKnownFileType = text.plist.entitlements; path = Configurator.entitlements; sourceTree = "<group>"; };
		5793B91125D44C92002A8563 /* RemoteConnectionServiceProtocol.swift */ = {isa = PBXFileReference; lastKnownFileType = sourcecode.swift; path = RemoteConnectionServiceProtocol.swift; sourceTree = "<group>"; };
		5793B91625D44CAC002A8563 /* RemoteConnectionService.swift */ = {isa = PBXFileReference; lastKnownFileType = sourcecode.swift; path = RemoteConnectionService.swift; sourceTree = "<group>"; };
		5793B93D25D4D5BE002A8563 /* CommandService.swift */ = {isa = PBXFileReference; fileEncoding = 4; lastKnownFileType = sourcecode.swift; path = CommandService.swift; sourceTree = "<group>"; };
		5793B93E25D4D5BE002A8563 /* CommandServiceProtocol.swift */ = {isa = PBXFileReference; fileEncoding = 4; lastKnownFileType = sourcecode.swift; path = CommandServiceProtocol.swift; sourceTree = "<group>"; };
		5793B96925D4E1A3002A8563 /* ProcessesService.swift */ = {isa = PBXFileReference; fileEncoding = 4; lastKnownFileType = sourcecode.swift; path = ProcessesService.swift; sourceTree = "<group>"; };
		5793B96A25D4E1A3002A8563 /* ProcessesServiceProtocol.swift */ = {isa = PBXFileReference; fileEncoding = 4; lastKnownFileType = sourcecode.swift; path = ProcessesServiceProtocol.swift; sourceTree = "<group>"; };
		5793B97025D4E1E6002A8563 /* ProcessInfo.swift */ = {isa = PBXFileReference; lastKnownFileType = sourcecode.swift; path = ProcessInfo.swift; sourceTree = "<group>"; };
		5793B97925D4FDC5002A8563 /* ProcessesList.swift */ = {isa = PBXFileReference; lastKnownFileType = sourcecode.swift; path = ProcessesList.swift; sourceTree = "<group>"; };
		57B086A425CEFDE400E52117 /* ProcessesManager.app */ = {isa = PBXFileReference; explicitFileType = wrapper.application; includeInIndex = 0; path = ProcessesManager.app; sourceTree = BUILT_PRODUCTS_DIR; };
		57B086BD25CEFEC700E52117 /* MainViewController.swift */ = {isa = PBXFileReference; fileEncoding = 4; lastKnownFileType = sourcecode.swift; path = MainViewController.swift; sourceTree = "<group>"; };
		57B086BE25CEFEC700E52117 /* Main.storyboard */ = {isa = PBXFileReference; fileEncoding = 4; lastKnownFileType = file.storyboard; path = Main.storyboard; sourceTree = "<group>"; };
		57B086BF25CEFEC700E52117 /* AppDelegate.swift */ = {isa = PBXFileReference; fileEncoding = 4; lastKnownFileType = sourcecode.swift; path = AppDelegate.swift; sourceTree = "<group>"; };
		57B086C125CEFEC700E52117 /* Assets.xcassets */ = {isa = PBXFileReference; lastKnownFileType = folder.assetcatalog; path = Assets.xcassets; sourceTree = "<group>"; };
		57B086C825CEFEDF00E52117 /* Info.plist */ = {isa = PBXFileReference; lastKnownFileType = text.plist; path = Info.plist; sourceTree = SOURCE_ROOT; };
		57B086C925CEFEDF00E52117 /* ProcessesManager.entitlements */ = {isa = PBXFileReference; lastKnownFileType = text.plist.entitlements; path = ProcessesManager.entitlements; sourceTree = SOURCE_ROOT; };
		57B086CD25CEFFB200E52117 /* RemoteProcessesServiceProtocol.swift */ = {isa = PBXFileReference; lastKnownFileType = sourcecode.swift; path = RemoteProcessesServiceProtocol.swift; sourceTree = "<group>"; };
		57B086D125CEFFCB00E52117 /* RemoteProcessesService.swift */ = {isa = PBXFileReference; lastKnownFileType = sourcecode.swift; path = RemoteProcessesService.swift; sourceTree = "<group>"; };
		57B086DD25CF9C8D00E52117 /* MainViewModel.swift */ = {isa = PBXFileReference; lastKnownFileType = sourcecode.swift; path = MainViewModel.swift; sourceTree = "<group>"; };
/* End PBXFileReference section */

/* Begin PBXFrameworksBuildPhase section */
		5793B89B25D2E4BD002A8563 /* Frameworks */ = {
			isa = PBXFrameworksBuildPhase;
			buildActionMask = 2147483647;
			files = (
			);
			runOnlyForDeploymentPostprocessing = 0;
		};
		5793B8F625D44B2B002A8563 /* Frameworks */ = {
			isa = PBXFrameworksBuildPhase;
			buildActionMask = 2147483647;
			files = (
			);
			runOnlyForDeploymentPostprocessing = 0;
		};
		57B086A125CEFDE400E52117 /* Frameworks */ = {
			isa = PBXFrameworksBuildPhase;
			buildActionMask = 2147483647;
			files = (
			);
			runOnlyForDeploymentPostprocessing = 0;
		};
/* End PBXFrameworksBuildPhase section */

/* Begin PBXGroup section */
		5793B89F25D2E4BE002A8563 /* ProcessesXPCService */ = {
			isa = PBXGroup;
			children = (
				5793B93B25D4D5BE002A8563 /* Services */,
				5793B8AF25D2FCA9002A8563 /* ProcessesXPCServiceProtocol.swift */,
				5793B8B625D2FD11002A8563 /* ProcessesXPCService.swift */,
				5793B8BD25D2FD86002A8563 /* main.swift */,
				5793B8C325D2FDD6002A8563 /* ListenerDelegate.swift */,
				5793B8A625D2E4BE002A8563 /* Info.plist */,
			);
			path = ProcessesXPCService;
			sourceTree = "<group>";
		};
		5793B8FA25D44B2B002A8563 /* Configurator */ = {
			isa = PBXGroup;
			children = (
				5793B90F25D44C2E002A8563 /* Services */,
				5793B8FB25D44B2B002A8563 /* AppDelegate.swift */,
				5793B8FD25D44B2B002A8563 /* ViewController.swift */,
				5793B8FF25D44B2F002A8563 /* Assets.xcassets */,
				5793B90125D44B2F002A8563 /* Main.storyboard */,
				5793B90425D44B2F002A8563 /* Info.plist */,
				5793B90525D44B2F002A8563 /* Configurator.entitlements */,
			);
			path = Configurator;
			sourceTree = "<group>";
		};
		5793B90F25D44C2E002A8563 /* Services */ = {
			isa = PBXGroup;
			children = (
				5793B91025D44C4E002A8563 /* RemoteConnection */,
			);
			path = Services;
			sourceTree = "<group>";
		};
		5793B91025D44C4E002A8563 /* RemoteConnection */ = {
			isa = PBXGroup;
			children = (
				5793B91125D44C92002A8563 /* RemoteConnectionServiceProtocol.swift */,
				5793B91625D44CAC002A8563 /* RemoteConnectionService.swift */,
			);
			path = RemoteConnection;
			sourceTree = "<group>";
		};
		5793B93325D4D556002A8563 /* Frameworks */ = {
			isa = PBXGroup;
			children = (
			);
			name = Frameworks;
			sourceTree = "<group>";
		};
		5793B93B25D4D5BE002A8563 /* Services */ = {
			isa = PBXGroup;
			children = (
				5793B96825D4DD1E002A8563 /* Processes */,
				5793B93C25D4D5BE002A8563 /* Command */,
			);
			path = Services;
			sourceTree = "<group>";
		};
		5793B93C25D4D5BE002A8563 /* Command */ = {
			isa = PBXGroup;
			children = (
				5793B93D25D4D5BE002A8563 /* CommandService.swift */,
				5793B93E25D4D5BE002A8563 /* CommandServiceProtocol.swift */,
			);
			path = Command;
			sourceTree = "<group>";
		};
		5793B96825D4DD1E002A8563 /* Processes */ = {
			isa = PBXGroup;
			children = (
				5793B96925D4E1A3002A8563 /* ProcessesService.swift */,
				5793B96A25D4E1A3002A8563 /* ProcessesServiceProtocol.swift */,
				5793B97025D4E1E6002A8563 /* ProcessInfo.swift */,
				5793B97925D4FDC5002A8563 /* ProcessesList.swift */,
			);
			path = Processes;
			sourceTree = "<group>";
		};
		57B0869B25CEFDE400E52117 = {
			isa = PBXGroup;
			children = (
				57B086BA25CEFEC700E52117 /* Sources */,
				57B086C025CEFEC700E52117 /* Resources */,
				57B086C825CEFEDF00E52117 /* Info.plist */,
				57B086C925CEFEDF00E52117 /* ProcessesManager.entitlements */,
				5793B89F25D2E4BE002A8563 /* ProcessesXPCService */,
				5793B8FA25D44B2B002A8563 /* Configurator */,
				57B086A525CEFDE400E52117 /* Products */,
				5793B93325D4D556002A8563 /* Frameworks */,
			);
			sourceTree = "<group>";
		};
		57B086A525CEFDE400E52117 /* Products */ = {
			isa = PBXGroup;
			children = (
				57B086A425CEFDE400E52117 /* ProcessesManager.app */,
				5793B89E25D2E4BD002A8563 /* ProcessesXPCService.xpc */,
				5793B8F925D44B2B002A8563 /* Configurator.app */,
			);
			name = Products;
			sourceTree = "<group>";
		};
		57B086BA25CEFEC700E52117 /* Sources */ = {
			isa = PBXGroup;
			children = (
				57B086CB25CEFF8300E52117 /* Services */,
				57B086BB25CEFEC700E52117 /* UI */,
				57B086BF25CEFEC700E52117 /* AppDelegate.swift */,
			);
			path = Sources;
			sourceTree = "<group>";
		};
		57B086BB25CEFEC700E52117 /* UI */ = {
			isa = PBXGroup;
			children = (
				57B086BC25CEFEC700E52117 /* Main */,
			);
			path = UI;
			sourceTree = "<group>";
		};
		57B086BC25CEFEC700E52117 /* Main */ = {
			isa = PBXGroup;
			children = (
				57B086BD25CEFEC700E52117 /* MainViewController.swift */,
				57B086BE25CEFEC700E52117 /* Main.storyboard */,
				57B086DD25CF9C8D00E52117 /* MainViewModel.swift */,
			);
			path = Main;
			sourceTree = "<group>";
		};
		57B086C025CEFEC700E52117 /* Resources */ = {
			isa = PBXGroup;
			children = (
				57B086C125CEFEC700E52117 /* Assets.xcassets */,
			);
			path = Resources;
			sourceTree = "<group>";
		};
		57B086CB25CEFF8300E52117 /* Services */ = {
			isa = PBXGroup;
			children = (
				57B086CC25CEFF8F00E52117 /* RemoteProcesses */,
			);
			path = Services;
			sourceTree = "<group>";
		};
		57B086CC25CEFF8F00E52117 /* RemoteProcesses */ = {
			isa = PBXGroup;
			children = (
				57B086CD25CEFFB200E52117 /* RemoteProcessesServiceProtocol.swift */,
				57B086D125CEFFCB00E52117 /* RemoteProcessesService.swift */,
			);
			path = RemoteProcesses;
			sourceTree = "<group>";
		};
/* End PBXGroup section */

/* Begin PBXNativeTarget section */
		5793B89D25D2E4BD002A8563 /* ProcessesXPCService */ = {
			isa = PBXNativeTarget;
			buildConfigurationList = 5793B8AC25D2E4BE002A8563 /* Build configuration list for PBXNativeTarget "ProcessesXPCService" */;
			buildPhases = (
				5793B89A25D2E4BD002A8563 /* Sources */,
				5793B89B25D2E4BD002A8563 /* Frameworks */,
				5793B89C25D2E4BD002A8563 /* Resources */,
			);
			buildRules = (
			);
			dependencies = (
			);
			name = ProcessesXPCService;
			productName = ProcessesXPCService;
			productReference = 5793B89E25D2E4BD002A8563 /* ProcessesXPCService.xpc */;
			productType = "com.apple.product-type.xpc-service";
		};
		5793B8F825D44B2B002A8563 /* Configurator */ = {
			isa = PBXNativeTarget;
			buildConfigurationList = 5793B90625D44B2F002A8563 /* Build configuration list for PBXNativeTarget "Configurator" */;
			buildPhases = (
				5793B8F525D44B2B002A8563 /* Sources */,
				5793B8F625D44B2B002A8563 /* Frameworks */,
				5793B8F725D44B2B002A8563 /* Resources */,
				5793B93725D4D556002A8563 /* Embed XPC Services */,
			);
			buildRules = (
			);
			dependencies = (
				5793B93625D4D556002A8563 /* PBXTargetDependency */,
			);
			name = Configurator;
			productName = Configurator;
			productReference = 5793B8F925D44B2B002A8563 /* Configurator.app */;
			productType = "com.apple.product-type.application";
		};
		57B086A325CEFDE400E52117 /* ProcessesManager */ = {
			isa = PBXNativeTarget;
			buildConfigurationList = 57B086B425CEFDE800E52117 /* Build configuration list for PBXNativeTarget "ProcessesManager" */;
			buildPhases = (
				57B086A025CEFDE400E52117 /* Sources */,
				57B086A125CEFDE400E52117 /* Frameworks */,
				57B086A225CEFDE400E52117 /* Resources */,
				57B0883E25D19DAC00E52117 /* Embed XPC Services */,
			);
			buildRules = (
			);
			dependencies = (
				5793B8A825D2E4BE002A8563 /* PBXTargetDependency */,
			);
			name = ProcessesManager;
			productName = ProcessesManager;
			productReference = 57B086A425CEFDE400E52117 /* ProcessesManager.app */;
			productType = "com.apple.product-type.application";
		};
/* End PBXNativeTarget section */

/* Begin PBXProject section */
		57B0869C25CEFDE400E52117 /* Project object */ = {
			isa = PBXProject;
			attributes = {
				LastSwiftUpdateCheck = 1230;
				LastUpgradeCheck = 1230;
				TargetAttributes = {
					5793B89D25D2E4BD002A8563 = {
						CreatedOnToolsVersion = 12.3;
						LastSwiftMigration = 1230;
					};
					5793B8F825D44B2B002A8563 = {
						CreatedOnToolsVersion = 12.3;
					};
					57B086A325CEFDE400E52117 = {
						CreatedOnToolsVersion = 12.3;
					};
				};
			};
			buildConfigurationList = 57B0869F25CEFDE400E52117 /* Build configuration list for PBXProject "ProcessesManager" */;
			compatibilityVersion = "Xcode 9.3";
			developmentRegion = en;
			hasScannedForEncodings = 0;
			knownRegions = (
				en,
				Base,
			);
			mainGroup = 57B0869B25CEFDE400E52117;
			productRefGroup = 57B086A525CEFDE400E52117 /* Products */;
			projectDirPath = "";
			projectRoot = "";
			targets = (
				57B086A325CEFDE400E52117 /* ProcessesManager */,
				5793B89D25D2E4BD002A8563 /* ProcessesXPCService */,
				5793B8F825D44B2B002A8563 /* Configurator */,
			);
		};
/* End PBXProject section */

/* Begin PBXResourcesBuildPhase section */
		5793B89C25D2E4BD002A8563 /* Resources */ = {
			isa = PBXResourcesBuildPhase;
			buildActionMask = 2147483647;
			files = (
			);
			runOnlyForDeploymentPostprocessing = 0;
		};
		5793B8F725D44B2B002A8563 /* Resources */ = {
			isa = PBXResourcesBuildPhase;
			buildActionMask = 2147483647;
			files = (
				5793B90025D44B2F002A8563 /* Assets.xcassets in Resources */,
				5793B90325D44B2F002A8563 /* Main.storyboard in Resources */,
			);
			runOnlyForDeploymentPostprocessing = 0;
		};
		57B086A225CEFDE400E52117 /* Resources */ = {
			isa = PBXResourcesBuildPhase;
			buildActionMask = 2147483647;
			files = (
				57B086C525CEFEC700E52117 /* Assets.xcassets in Resources */,
				57B086C325CEFEC700E52117 /* Main.storyboard in Resources */,
			);
			runOnlyForDeploymentPostprocessing = 0;
		};
/* End PBXResourcesBuildPhase section */

/* Begin PBXSourcesBuildPhase section */
		5793B89A25D2E4BD002A8563 /* Sources */ = {
			isa = PBXSourcesBuildPhase;
			buildActionMask = 2147483647;
			files = (
				5793B8BE25D2FD86002A8563 /* main.swift in Sources */,
				5793B8B125D2FCA9002A8563 /* ProcessesXPCServiceProtocol.swift in Sources */,
				5793B8C425D2FDD6002A8563 /* ListenerDelegate.swift in Sources */,
				5793B96C25D4E1A3002A8563 /* ProcessesServiceProtocol.swift in Sources */,
				5793B97125D4E1E6002A8563 /* ProcessInfo.swift in Sources */,
				5793B93F25D4D5BE002A8563 /* CommandService.swift in Sources */,
				5793B8B825D2FD11002A8563 /* ProcessesXPCService.swift in Sources */,
				5793B97A25D4FDC5002A8563 /* ProcessesList.swift in Sources */,
				5793B94025D4D5BE002A8563 /* CommandServiceProtocol.swift in Sources */,
				5793B96B25D4E1A3002A8563 /* ProcessesService.swift in Sources */,
			);
			runOnlyForDeploymentPostprocessing = 0;
		};
		5793B8F525D44B2B002A8563 /* Sources */ = {
			isa = PBXSourcesBuildPhase;
			buildActionMask = 2147483647;
			files = (
				5793B92C25D4D2E1002A8563 /* ProcessesXPCServiceProtocol.swift in Sources */,
				5793B91225D44C92002A8563 /* RemoteConnectionServiceProtocol.swift in Sources */,
				5793B91725D44CAC002A8563 /* RemoteConnectionService.swift in Sources */,
				5793B98625D4FE8F002A8563 /* ProcessInfo.swift in Sources */,
				5793B8FE25D44B2B002A8563 /* ViewController.swift in Sources */,
				5793B8FC25D44B2B002A8563 /* AppDelegate.swift in Sources */,
				5793B98225D4FE8A002A8563 /* ProcessesList.swift in Sources */,
			);
			runOnlyForDeploymentPostprocessing = 0;
		};
		57B086A025CEFDE400E52117 /* Sources */ = {
			isa = PBXSourcesBuildPhase;
			buildActionMask = 2147483647;
			files = (
				57B086DE25CF9C8D00E52117 /* MainViewModel.swift in Sources */,
				5793B97E25D4FE89002A8563 /* ProcessesList.swift in Sources */,
				57B086CE25CEFFB200E52117 /* RemoteProcessesServiceProtocol.swift in Sources */,
				57B086D225CEFFCB00E52117 /* RemoteProcessesService.swift in Sources */,
				5793B97525D4E1F8002A8563 /* ProcessInfo.swift in Sources */,
				5793B8B025D2FCA9002A8563 /* ProcessesXPCServiceProtocol.swift in Sources */,
				57B086C425CEFEC700E52117 /* AppDelegate.swift in Sources */,
				57B086C225CEFEC700E52117 /* MainViewController.swift in Sources */,
			);
			runOnlyForDeploymentPostprocessing = 0;
		};
/* End PBXSourcesBuildPhase section */

/* Begin PBXTargetDependency section */
		5793B8A825D2E4BE002A8563 /* PBXTargetDependency */ = {
			isa = PBXTargetDependency;
			target = 5793B89D25D2E4BD002A8563 /* ProcessesXPCService */;
			targetProxy = 5793B8A725D2E4BE002A8563 /* PBXContainerItemProxy */;
		};
		5793B93625D4D556002A8563 /* PBXTargetDependency */ = {
			isa = PBXTargetDependency;
			target = 5793B89D25D2E4BD002A8563 /* ProcessesXPCService */;
			targetProxy = 5793B93525D4D556002A8563 /* PBXContainerItemProxy */;
		};
/* End PBXTargetDependency section */

/* Begin PBXVariantGroup section */
		5793B90125D44B2F002A8563 /* Main.storyboard */ = {
			isa = PBXVariantGroup;
			children = (
				5793B90225D44B2F002A8563 /* Base */,
			);
			name = Main.storyboard;
			sourceTree = "<group>";
		};
/* End PBXVariantGroup section */

/* Begin XCBuildConfiguration section */
		5793B8AA25D2E4BE002A8563 /* Debug */ = {
			isa = XCBuildConfiguration;
			buildSettings = {
				ALWAYS_EMBED_SWIFT_STANDARD_LIBRARIES = YES;
				CLANG_ENABLE_MODULES = YES;
				CODE_SIGN_STYLE = Automatic;
				COMBINE_HIDPI_IMAGES = YES;
				DEVELOPMENT_TEAM = "";
				INFOPLIST_FILE = ProcessesXPCService/Info.plist;
				LD_RUNPATH_SEARCH_PATHS = (
					"$(inherited)",
					"@executable_path/../Frameworks",
					"@loader_path/../Frameworks",
				);
				PRODUCT_BUNDLE_IDENTIFIER = com.victor.ProcessesXPCService;
				PRODUCT_NAME = "$(TARGET_NAME)";
				SKIP_INSTALL = YES;
				SWIFT_OPTIMIZATION_LEVEL = "-Onone";
				SWIFT_VERSION = 5.0;
			};
			name = Debug;
		};
		5793B8AB25D2E4BE002A8563 /* Release */ = {
			isa = XCBuildConfiguration;
			buildSettings = {
				ALWAYS_EMBED_SWIFT_STANDARD_LIBRARIES = YES;
				CLANG_ENABLE_MODULES = YES;
				CODE_SIGN_STYLE = Automatic;
				COMBINE_HIDPI_IMAGES = YES;
				DEVELOPMENT_TEAM = "";
				INFOPLIST_FILE = ProcessesXPCService/Info.plist;
				LD_RUNPATH_SEARCH_PATHS = (
					"$(inherited)",
					"@executable_path/../Frameworks",
					"@loader_path/../Frameworks",
				);
				PRODUCT_BUNDLE_IDENTIFIER = com.victor.ProcessesXPCService;
				PRODUCT_NAME = "$(TARGET_NAME)";
				SKIP_INSTALL = YES;
				SWIFT_VERSION = 5.0;
			};
			name = Release;
		};
		5793B90725D44B2F002A8563 /* Debug */ = {
			isa = XCBuildConfiguration;
			buildSettings = {
				ASSETCATALOG_COMPILER_APPICON_NAME = AppIcon;
				ASSETCATALOG_COMPILER_GLOBAL_ACCENT_COLOR_NAME = AccentColor;
				CODE_SIGN_ENTITLEMENTS = Configurator/Configurator.entitlements;
				CODE_SIGN_STYLE = Manual;
				COMBINE_HIDPI_IMAGES = YES;
				DEVELOPMENT_TEAM = "";
				INFOPLIST_FILE = Configurator/Info.plist;
				LD_RUNPATH_SEARCH_PATHS = (
					"$(inherited)",
					"@executable_path/../Frameworks",
				);
				MACOSX_DEPLOYMENT_TARGET = 10.14;
				PRODUCT_BUNDLE_IDENTIFIER = com.victor.Configurator;
				PRODUCT_NAME = "$(TARGET_NAME)";
				PROVISIONING_PROFILE_SPECIFIER = "";
				SWIFT_VERSION = 5.0;
			};
			name = Debug;
		};
		5793B90825D44B2F002A8563 /* Release */ = {
			isa = XCBuildConfiguration;
			buildSettings = {
				ASSETCATALOG_COMPILER_APPICON_NAME = AppIcon;
				ASSETCATALOG_COMPILER_GLOBAL_ACCENT_COLOR_NAME = AccentColor;
				CODE_SIGN_ENTITLEMENTS = Configurator/Configurator.entitlements;
				CODE_SIGN_STYLE = Manual;
				COMBINE_HIDPI_IMAGES = YES;
				DEVELOPMENT_TEAM = "";
				INFOPLIST_FILE = Configurator/Info.plist;
				LD_RUNPATH_SEARCH_PATHS = (
					"$(inherited)",
					"@executable_path/../Frameworks",
				);
				MACOSX_DEPLOYMENT_TARGET = 10.14;
				PRODUCT_BUNDLE_IDENTIFIER = com.victor.Configurator;
				PRODUCT_NAME = "$(TARGET_NAME)";
				PROVISIONING_PROFILE_SPECIFIER = "";
				SWIFT_VERSION = 5.0;
			};
			name = Release;
		};
		57B086B225CEFDE800E52117 /* Debug */ = {
			isa = XCBuildConfiguration;
			buildSettings = {
				ALWAYS_SEARCH_USER_PATHS = NO;
				CLANG_ANALYZER_NONNULL = YES;
				CLANG_ANALYZER_NUMBER_OBJECT_CONVERSION = YES_AGGRESSIVE;
				CLANG_CXX_LANGUAGE_STANDARD = "gnu++14";
				CLANG_CXX_LIBRARY = "libc++";
				CLANG_ENABLE_MODULES = YES;
				CLANG_ENABLE_OBJC_ARC = YES;
				CLANG_ENABLE_OBJC_WEAK = YES;
				CLANG_WARN_BLOCK_CAPTURE_AUTORELEASING = YES;
				CLANG_WARN_BOOL_CONVERSION = YES;
				CLANG_WARN_COMMA = YES;
				CLANG_WARN_CONSTANT_CONVERSION = YES;
				CLANG_WARN_DEPRECATED_OBJC_IMPLEMENTATIONS = YES;
				CLANG_WARN_DIRECT_OBJC_ISA_USAGE = YES_ERROR;
				CLANG_WARN_DOCUMENTATION_COMMENTS = YES;
				CLANG_WARN_EMPTY_BODY = YES;
				CLANG_WARN_ENUM_CONVERSION = YES;
				CLANG_WARN_INFINITE_RECURSION = YES;
				CLANG_WARN_INT_CONVERSION = YES;
				CLANG_WARN_NON_LITERAL_NULL_CONVERSION = YES;
				CLANG_WARN_OBJC_IMPLICIT_RETAIN_SELF = YES;
				CLANG_WARN_OBJC_LITERAL_CONVERSION = YES;
				CLANG_WARN_OBJC_ROOT_CLASS = YES_ERROR;
				CLANG_WARN_QUOTED_INCLUDE_IN_FRAMEWORK_HEADER = YES;
				CLANG_WARN_RANGE_LOOP_ANALYSIS = YES;
				CLANG_WARN_STRICT_PROTOTYPES = YES;
				CLANG_WARN_SUSPICIOUS_MOVE = YES;
				CLANG_WARN_UNGUARDED_AVAILABILITY = YES_AGGRESSIVE;
				CLANG_WARN_UNREACHABLE_CODE = YES;
				CLANG_WARN__DUPLICATE_METHOD_MATCH = YES;
				COPY_PHASE_STRIP = NO;
				DEBUG_INFORMATION_FORMAT = dwarf;
				ENABLE_STRICT_OBJC_MSGSEND = YES;
				ENABLE_TESTABILITY = YES;
				GCC_C_LANGUAGE_STANDARD = gnu11;
				GCC_DYNAMIC_NO_PIC = NO;
				GCC_NO_COMMON_BLOCKS = YES;
				GCC_OPTIMIZATION_LEVEL = 0;
				GCC_PREPROCESSOR_DEFINITIONS = (
					"DEBUG=1",
					"$(inherited)",
				);
				GCC_WARN_64_TO_32_BIT_CONVERSION = YES;
				GCC_WARN_ABOUT_RETURN_TYPE = YES_ERROR;
				GCC_WARN_UNDECLARED_SELECTOR = YES;
				GCC_WARN_UNINITIALIZED_AUTOS = YES_AGGRESSIVE;
				GCC_WARN_UNUSED_FUNCTION = YES;
				GCC_WARN_UNUSED_VARIABLE = YES;
				MACOSX_DEPLOYMENT_TARGET = 10.15;
				MTL_ENABLE_DEBUG_INFO = INCLUDE_SOURCE;
				MTL_FAST_MATH = YES;
				ONLY_ACTIVE_ARCH = YES;
				SDKROOT = macosx;
				SWIFT_ACTIVE_COMPILATION_CONDITIONS = DEBUG;
				SWIFT_OPTIMIZATION_LEVEL = "-Onone";
			};
			name = Debug;
		};
		57B086B325CEFDE800E52117 /* Release */ = {
			isa = XCBuildConfiguration;
			buildSettings = {
				ALWAYS_SEARCH_USER_PATHS = NO;
				CLANG_ANALYZER_NONNULL = YES;
				CLANG_ANALYZER_NUMBER_OBJECT_CONVERSION = YES_AGGRESSIVE;
				CLANG_CXX_LANGUAGE_STANDARD = "gnu++14";
				CLANG_CXX_LIBRARY = "libc++";
				CLANG_ENABLE_MODULES = YES;
				CLANG_ENABLE_OBJC_ARC = YES;
				CLANG_ENABLE_OBJC_WEAK = YES;
				CLANG_WARN_BLOCK_CAPTURE_AUTORELEASING = YES;
				CLANG_WARN_BOOL_CONVERSION = YES;
				CLANG_WARN_COMMA = YES;
				CLANG_WARN_CONSTANT_CONVERSION = YES;
				CLANG_WARN_DEPRECATED_OBJC_IMPLEMENTATIONS = YES;
				CLANG_WARN_DIRECT_OBJC_ISA_USAGE = YES_ERROR;
				CLANG_WARN_DOCUMENTATION_COMMENTS = YES;
				CLANG_WARN_EMPTY_BODY = YES;
				CLANG_WARN_ENUM_CONVERSION = YES;
				CLANG_WARN_INFINITE_RECURSION = YES;
				CLANG_WARN_INT_CONVERSION = YES;
				CLANG_WARN_NON_LITERAL_NULL_CONVERSION = YES;
				CLANG_WARN_OBJC_IMPLICIT_RETAIN_SELF = YES;
				CLANG_WARN_OBJC_LITERAL_CONVERSION = YES;
				CLANG_WARN_OBJC_ROOT_CLASS = YES_ERROR;
				CLANG_WARN_QUOTED_INCLUDE_IN_FRAMEWORK_HEADER = YES;
				CLANG_WARN_RANGE_LOOP_ANALYSIS = YES;
				CLANG_WARN_STRICT_PROTOTYPES = YES;
				CLANG_WARN_SUSPICIOUS_MOVE = YES;
				CLANG_WARN_UNGUARDED_AVAILABILITY = YES_AGGRESSIVE;
				CLANG_WARN_UNREACHABLE_CODE = YES;
				CLANG_WARN__DUPLICATE_METHOD_MATCH = YES;
				COPY_PHASE_STRIP = NO;
				DEBUG_INFORMATION_FORMAT = "dwarf-with-dsym";
				ENABLE_NS_ASSERTIONS = NO;
				ENABLE_STRICT_OBJC_MSGSEND = YES;
				GCC_C_LANGUAGE_STANDARD = gnu11;
				GCC_NO_COMMON_BLOCKS = YES;
				GCC_WARN_64_TO_32_BIT_CONVERSION = YES;
				GCC_WARN_ABOUT_RETURN_TYPE = YES_ERROR;
				GCC_WARN_UNDECLARED_SELECTOR = YES;
				GCC_WARN_UNINITIALIZED_AUTOS = YES_AGGRESSIVE;
				GCC_WARN_UNUSED_FUNCTION = YES;
				GCC_WARN_UNUSED_VARIABLE = YES;
				MACOSX_DEPLOYMENT_TARGET = 10.15;
				MTL_ENABLE_DEBUG_INFO = NO;
				MTL_FAST_MATH = YES;
				SDKROOT = macosx;
				SWIFT_COMPILATION_MODE = wholemodule;
				SWIFT_OPTIMIZATION_LEVEL = "-O";
			};
			name = Release;
		};
		57B086B525CEFDE800E52117 /* Debug */ = {
			isa = XCBuildConfiguration;
			buildSettings = {
				ALWAYS_EMBED_SWIFT_STANDARD_LIBRARIES = YES;
				ASSETCATALOG_COMPILER_APPICON_NAME = AppIcon;
				ASSETCATALOG_COMPILER_GLOBAL_ACCENT_COLOR_NAME = AccentColor;
				CODE_SIGN_ENTITLEMENTS = ProcessesManager.entitlements;
				CODE_SIGN_STYLE = Manual;
				COMBINE_HIDPI_IMAGES = YES;
				DEVELOPMENT_TEAM = "";
				INFOPLIST_FILE = Info.plist;
				LD_RUNPATH_SEARCH_PATHS = (
					"$(inherited)",
					"@executable_path/../Frameworks",
				);
				MACOSX_DEPLOYMENT_TARGET = 10.14;
				PRODUCT_BUNDLE_IDENTIFIER = com.victor.ProcessesManager;
				PRODUCT_NAME = "$(TARGET_NAME)";
				PROVISIONING_PROFILE_SPECIFIER = "";
				SWIFT_VERSION = 5.0;
			};
			name = Debug;
		};
		57B086B625CEFDE800E52117 /* Release */ = {
			isa = XCBuildConfiguration;
			buildSettings = {
				ALWAYS_EMBED_SWIFT_STANDARD_LIBRARIES = YES;
				ASSETCATALOG_COMPILER_APPICON_NAME = AppIcon;
				ASSETCATALOG_COMPILER_GLOBAL_ACCENT_COLOR_NAME = AccentColor;
				CODE_SIGN_ENTITLEMENTS = ProcessesManager.entitlements;
				CODE_SIGN_STYLE = Manual;
				COMBINE_HIDPI_IMAGES = YES;
				DEVELOPMENT_TEAM = "";
				INFOPLIST_FILE = Info.plist;
				LD_RUNPATH_SEARCH_PATHS = (
					"$(inherited)",
					"@executable_path/../Frameworks",
				);
				MACOSX_DEPLOYMENT_TARGET = 10.14;
				PRODUCT_BUNDLE_IDENTIFIER = com.victor.ProcessesManager;
				PRODUCT_NAME = "$(TARGET_NAME)";
				PROVISIONING_PROFILE_SPECIFIER = "";
				SWIFT_VERSION = 5.0;
			};
			name = Release;
		};
/* End XCBuildConfiguration section */

/* Begin XCConfigurationList section */
		5793B8AC25D2E4BE002A8563 /* Build configuration list for PBXNativeTarget "ProcessesXPCService" */ = {
			isa = XCConfigurationList;
			buildConfigurations = (
				5793B8AA25D2E4BE002A8563 /* Debug */,
				5793B8AB25D2E4BE002A8563 /* Release */,
			);
			defaultConfigurationIsVisible = 0;
			defaultConfigurationName = Release;
		};
		5793B90625D44B2F002A8563 /* Build configuration list for PBXNativeTarget "Configurator" */ = {
			isa = XCConfigurationList;
			buildConfigurations = (
				5793B90725D44B2F002A8563 /* Debug */,
				5793B90825D44B2F002A8563 /* Release */,
			);
			defaultConfigurationIsVisible = 0;
			defaultConfigurationName = Release;
		};
		57B0869F25CEFDE400E52117 /* Build configuration list for PBXProject "ProcessesManager" */ = {
			isa = XCConfigurationList;
			buildConfigurations = (
				57B086B225CEFDE800E52117 /* Debug */,
				57B086B325CEFDE800E52117 /* Release */,
			);
			defaultConfigurationIsVisible = 0;
			defaultConfigurationName = Release;
		};
		57B086B425CEFDE800E52117 /* Build configuration list for PBXNativeTarget "ProcessesManager" */ = {
			isa = XCConfigurationList;
			buildConfigurations = (
				57B086B525CEFDE800E52117 /* Debug */,
				57B086B625CEFDE800E52117 /* Release */,
			);
			defaultConfigurationIsVisible = 0;
			defaultConfigurationName = Release;
		};
/* End XCConfigurationList section */
	};
	rootObject = 57B0869C25CEFDE400E52117 /* Project object */;
}
